
Microsoft Visual Studio Solution File, Format Version 12.00
# Visual Studio Version 17
VisualStudioVersion = 17.0.31912.275
MinimumVisualStudioVersion = 10.0.40219.1
Project("{2150E333-8FDC-42A3-9474-1A3956D46DE8}") = "Services", "Services", "{A810CC42-DBA2-40B2-987D-A3CA5321E1D1}"
EndProject
Project("{2150E333-8FDC-42A3-9474-1A3956D46DE8}") = "App", "App", "{809A35E3-85BB-4AB4-B620-DEFBFFA941AC}"
EndProject
Project("{2150E333-8FDC-42A3-9474-1A3956D46DE8}") = "BLL", "BLL", "{1790C8B3-3D55-4188-8460-7E6E8951291B}"
EndProject
Project("{2150E333-8FDC-42A3-9474-1A3956D46DE8}") = "UnitTest", "UnitTest", "{035A40F7-2F56-4C18-803C-0498F31B5E6D}"
EndProject
Project("{2150E333-8FDC-42A3-9474-1A3956D46DE8}") = "Repository", "Repository", "{4B67A8D1-9FED-496B-8FC1-1465127FE300}"
EndProject
Project("{9A19103F-16F7-4668-BE54-9A1E7A4F7556}") = "Desafio.Framework.Api", "Desafio.Framework.Api\Desafio.Framework.Api.csproj", "{0A4F0CBE-676A-4978-A99A-E15072A0C167}"
EndProject
Project("{FAE04EC0-301F-11D3-BF4B-00C04F79EFBC}") = "Desafio.Framework.BLL.Operacoes", "Desafio.Framework.Operacoes\Desafio.Framework.BLL.Operacoes.csproj", "{0B0367B7-3DC5-4C82-BB02-DB6ECF5854DC}"
EndProject
Global
	GlobalSection(SolutionConfigurationPlatforms) = preSolution
		Debug|Any CPU = Debug|Any CPU
		Release|Any CPU = Release|Any CPU
	EndGlobalSection
	GlobalSection(ProjectConfigurationPlatforms) = postSolution
		{0A4F0CBE-676A-4978-A99A-E15072A0C167}.Debug|Any CPU.ActiveCfg = Debug|Any CPU
		{0A4F0CBE-676A-4978-A99A-E15072A0C167}.Debug|Any CPU.Build.0 = Debug|Any CPU
		{0A4F0CBE-676A-4978-A99A-E15072A0C167}.Release|Any CPU.ActiveCfg = Release|Any CPU
		{0A4F0CBE-676A-4978-A99A-E15072A0C167}.Release|Any CPU.Build.0 = Release|Any CPU
		{0B0367B7-3DC5-4C82-BB02-DB6ECF5854DC}.Debug|Any CPU.ActiveCfg = Debug|Any CPU
		{0B0367B7-3DC5-4C82-BB02-DB6ECF5854DC}.Debug|Any CPU.Build.0 = Debug|Any CPU
		{0B0367B7-3DC5-4C82-BB02-DB6ECF5854DC}.Release|Any CPU.ActiveCfg = Release|Any CPU
		{0B0367B7-3DC5-4C82-BB02-DB6ECF5854DC}.Release|Any CPU.Build.0 = Release|Any CPU
	EndGlobalSection
	GlobalSection(SolutionProperties) = preSolution
		HideSolutionNode = FALSE
	EndGlobalSection
	GlobalSection(NestedProjects) = preSolution
		{0A4F0CBE-676A-4978-A99A-E15072A0C167} = {A810CC42-DBA2-40B2-987D-A3CA5321E1D1}
		{0B0367B7-3DC5-4C82-BB02-DB6ECF5854DC} = {1790C8B3-3D55-4188-8460-7E6E8951291B}
	EndGlobalSection
	GlobalSection(ExtensibilityGlobals) = postSolution
		SolutionGuid = {2FE507D0-9524-4854-8A15-3DB7990850EB}
	EndGlobalSection
EndGlobal
